{
  "name": "dsh-session-control",
  "version": "0.8.3",
  "lockfileVersion": 3,
  "requires": true,
  "packages": {
    "": {
      "name": "dsh-session-control",
      "version": "0.8.3",
      "license": "MIT",
      "dependencies": {
        "@deepseek-ai/schemastery": "~3.18.4"
      },
      "devDependencies": {
        "@deepseek-ai/dsh-session": "0.2.0-rc.1",
        "@deepseek-ai/dsh-session-format-catalog": "0.2.0-rc.1",
        "@deepseek-ai/dsh-util-values": "0.2.0-rc.1"
      },
      "engines": {
        "node": ">=24"
      },
      "peerDependencies": {
        "@deepseek-ai/cordis": "~4.0.4",
        "@deepseek-ai/dsh-agent": "0.2.0-rc.1",
        "@deepseek-ai/dsh-llm": "0.2.0-rc.1",
        "@deepseek-ai/dsh-permission-presets": "0.2.0-rc.1",
        "@deepseek-ai/dsh-schedule": "0.2.0-rc.1",
        "@deepseek-ai/dsh-session": "0.2.0-rc.1",
        "@deepseek-ai/dsh-session-format-catalog": "0.2.0-rc.1",
        "@deepseek-ai/dsh-session-persistence": "0.2.0-rc.1",
        "@deepseek-ai/dsh-skill": "0.2.0-rc.1",
        "@deepseek-ai/dsh-system-prompt": "0.2.0-rc.1",
        "@deepseek-ai/dsh-tools": "0.2.0-rc.1",
        "@deepseek-ai/dsh-user-approval": "0.2.0-rc.1",
        "@deepseek-ai/dsh-workspace": "0.2.0-rc.1"
      }
    },
    "node_modules/@deepseek-ai/cosmokit": {
      "version": "1.8.5",
      "resolved": "https://registry.npmjs.org/@deepseek-ai/cosmokit/-/cosmokit-1.8.5.tgz",
      "integrity": "sha512-LXsrlem9z8dq4sLflj2yuCuYX7KqhdzF5hZly3eZyuTo8d6oDSOXuEgC5DbQWKW+lksm6zmOutQLsP/ma6wR6A==",
      "license": "MIT"
    },
    "node_modules/@deepseek-ai/dsh-brand": {
      "version": "0.2.0-rc.1",
      "resolved": "https://registry.npmjs.org/@deepseek-ai/dsh-brand/-/dsh-brand-0.2.0-rc.1.tgz",
      "integrity": "sha512-TPeMaUt/Xev0X2TfIf6pSVVGiWAbFHy+VWCIW+w8UkC0yH1ep9302JQOBqhUgefAM4s/3W1R8lra/PMbFhjx2w==",
      "dev": true,
      "license": "MIT",
      "peerDependencies": {
        "@deepseek-ai/cordis": "~4.0.4"
      }
    },
    "node_modules/@deepseek-ai/dsh-compaction-image-offload": {
      "version": "0.2.0-rc.1",
      "resolved": "https://registry.npmjs.org/@deepseek-ai/dsh-compaction-image-offload/-/dsh-compaction-image-offload-0.2.0-rc.1.tgz",
      "integrity": "sha512-GM+Wk7dROfMllrm0gqbYpZY8MCef+Y+tK+vSLP426hd/hNRpSSOcPB72ZNfu05hZF+IUCkNSCF7x0gTAGtm7NQ==",
      "dev": true,
      "license": "MIT",
      "dependencies": {
        "@deepseek-ai/dsh-util-values": "0.2.0-rc.1"
      },
      "peerDependencies": {
        "@deepseek-ai/cordis": "~4.0.4",
        "@deepseek-ai/dsh-agent": "0.2.0-rc.1",
        "@deepseek-ai/dsh-compaction": "0.2.0-rc.1",
        "@deepseek-ai/dsh-llm": "0.2.0-rc.1",
        "@deepseek-ai/dsh-session": "0.2.0-rc.1"
      }
    },
    "node_modules/@deepseek-ai/dsh-llm": {
      "version": "0.2.0-rc.1",
      "resolved": "https://registry.npmjs.org/@deepseek-ai/dsh-llm/-/dsh-llm-0.2.0-rc.1.tgz",
      "integrity": "sha512-F5ZlBG8z8o5PfEWeEF/PN9t/A1N/oEErvqmpqE4J8f9mJR85DvBdV+rjDs7OjAbMJsJ8INjkbroruG5NNKDg5A==",
      "dev": true,
      "license": "MIT",
      "dependencies": {
        "@deepseek-ai/dsh-brand": "0.2.0-rc.1",
        "@deepseek-ai/dsh-timeout": "0.2.0-rc.1",
        "@deepseek-ai/dsh-typert-protocol": "0.2.0-rc.1",
        "@deepseek-ai/dsh-util-crypto": "0.2.0-rc.1",
        "@deepseek-ai/dsh-util-values": "0.2.0-rc.1",
        "@deepseek-ai/schemastery": "~3.18.4",
        "zod": "^4.4.3"
      },
      "peerDependencies": {
        "@deepseek-ai/cordis": "~4.0.4"
      }
    },
    "node_modules/@deepseek-ai/dsh-session": {
      "version": "0.2.0-rc.1",
      "resolved": "https://registry.npmjs.org/@deepseek-ai/dsh-session/-/dsh-session-0.2.0-rc.1.tgz",
      "integrity": "sha512-KUDCUk8kmiJCwvV3gDbkUSpkyoGHdg36nIhKsEh6iBoYDuIQCuvX2htiVRXCm099XZO6rCBVInmm1193UoPYcA==",
      "dev": true,
      "license": "MIT",
      "dependencies": {
        "@deepseek-ai/dsh-brand": "0.2.0-rc.1",
        "@deepseek-ai/dsh-llm": "0.2.0-rc.1",
        "@deepseek-ai/dsh-util-values": "0.2.0-rc.1"
      },
      "peerDependencies": {
        "@deepseek-ai/cordis": "~4.0.4",
        "@deepseek-ai/dsh-scope": "0.2.0-rc.1"
      }
    },
    "node_modules/@deepseek-ai/dsh-session-format": {
      "version": "0.2.0-rc.1",
      "resolved": "https://registry.npmjs.org/@deepseek-ai/dsh-session-format/-/dsh-session-format-0.2.0-rc.1.tgz",
      "integrity": "sha512-j2m+3FQeFPW9fgzRktL8E6J2UegpWPcc7nSFP+Ir7fdKYD5xDukcbdYDzzairbqQedntb0QMcp78rBQeJOmoYA==",
      "dev": true,
      "license": "MIT",
      "dependencies": {
        "@deepseek-ai/dsh-util-values": "0.2.0-rc.1"
      },
      "peerDependencies": {
        "@deepseek-ai/cordis": "~4.0.4"
      }
    },
    "node_modules/@deepseek-ai/dsh-session-format-catalog": {
      "version": "0.2.0-rc.1",
      "resolved": "https://registry.npmjs.org/@deepseek-ai/dsh-session-format-catalog/-/dsh-session-format-catalog-0.2.0-rc.1.tgz",
      "integrity": "sha512-Kacc7D3at1ifPlPbFD3t463/m+jg0RdERnuTWH1omv0hjT5ZkX/xM0TS37bhlyhLJdI+1TOqm9Jy3BpR15yR0Q==",
      "dev": true,
      "license": "MIT",
      "dependencies": {
        "@deepseek-ai/dsh-compaction-image-offload": "0.2.0-rc.1",
        "@deepseek-ai/dsh-session-format": "0.2.0-rc.1",
        "@deepseek-ai/dsh-session-format-v0-to-v1": "0.2.0-rc.1",
        "@deepseek-ai/dsh-session-format-v1-to-v2": "0.2.0-rc.1",
        "@deepseek-ai/dsh-session-format-v2-to-v3": "0.2.0-rc.1",
        "@deepseek-ai/dsh-session-format-v3-to-v4": "0.2.0-rc.1"
      },
      "peerDependencies": {
        "@deepseek-ai/cordis": "~4.0.4",
        "@deepseek-ai/dsh-session": "0.2.0-rc.1"
      }
    },
    "node_modules/@deepseek-ai/dsh-session-format-v0-to-v1": {
      "version": "0.2.0-rc.1",
      "resolved": "https://registry.npmjs.org/@deepseek-ai/dsh-session-format-v0-to-v1/-/dsh-session-format-v0-to-v1-0.2.0-rc.1.tgz",
      "integrity": "sha512-bBf8YJKpolltz2vn03+mbT5IZ3mrAeN1GjgVQ5FwhU5ITWLV6jQqvtN7DWEWjTwKVVmUpl2XkmRcGBib+PH16Q==",
      "dev": true,
      "license": "MIT",
      "dependencies": {
        "@deepseek-ai/dsh-session-format": "0.2.0-rc.1",
        "@deepseek-ai/dsh-util-values": "0.2.0-rc.1"
      },
      "peerDependencies": {
        "@deepseek-ai/cordis": "~4.0.4"
      }
    },
    "node_modules/@deepseek-ai/dsh-session-format-v1-to-v2": {
      "version": "0.2.0-rc.1",
      "resolved": "https://registry.npmjs.org/@deepseek-ai/dsh-session-format-v1-to-v2/-/dsh-session-format-v1-to-v2-0.2.0-rc.1.tgz",
      "integrity": "sha512-YXqkqnTqMUKUgdSZT4GXCEwWvfSZv7TEIG+wfYxtJBWQlzfuCf7iHjNIWVNBslQdxl0VxbaFThbwZUtBa3f2Tg==",
      "dev": true,
      "license": "MIT",
      "dependencies": {
        "@deepseek-ai/dsh-llm": "0.2.0-rc.1",
        "@deepseek-ai/dsh-session-format": "0.2.0-rc.1",
        "@deepseek-ai/dsh-session-format-v0-to-v1": "0.2.0-rc.1",
        "@deepseek-ai/dsh-util-values": "0.2.0-rc.1"
      },
      "peerDependencies": {
        "@deepseek-ai/cordis": "~4.0.4"
      }
    },
    "node_modules/@deepseek-ai/dsh-session-format-v2-to-v3": {
      "version": "0.2.0-rc.1",
      "resolved": "https://registry.npmjs.org/@deepseek-ai/dsh-session-format-v2-to-v3/-/dsh-session-format-v2-to-v3-0.2.0-rc.1.tgz",
      "integrity": "sha512-f7QapRRmMstuTYVVORYWgZn2gngw8Vu/ls5iBYfyb+15FbgwYr8bIOKNMGQ660dg4PHsxzWprsTbsxBAe9QDNw==",
      "dev": true,
      "license": "MIT",
      "dependencies": {
        "@deepseek-ai/dsh-session-format": "0.2.0-rc.1",
        "@deepseek-ai/dsh-session-format-v0-to-v1": "0.2.0-rc.1",
        "@deepseek-ai/dsh-session-format-v1-to-v2": "0.2.0-rc.1"
      },
      "peerDependencies": {
        "@deepseek-ai/cordis": "~4.0.4"
      }
    },
    "node_modules/@deepseek-ai/dsh-session-format-v3-to-v4": {
      "version": "0.2.0-rc.1",
      "resolved": "https://registry.npmjs.org/@deepseek-ai/dsh-session-format-v3-to-v4/-/dsh-session-format-v3-to-v4-0.2.0-rc.1.tgz",
      "integrity": "sha512-vnplfHQOqTXpe7EMN/0h0VZyBS10+kzzjm5x/X01iu5lynbOQs2jRdi4Lrzp9fgnAUEJYaESZZLlWKY40arLCw==",
      "dev": true,
      "license": "MIT",
      "dependencies": {
        "@deepseek-ai/dsh-session-format": "0.2.0-rc.1",
        "@deepseek-ai/dsh-session-format-v2-to-v3": "0.2.0-rc.1"
      },
      "peerDependencies": {
        "@deepseek-ai/cordis": "~4.0.4"
      }
    },
    "node_modules/@deepseek-ai/dsh-timeout": {
      "version": "0.2.0-rc.1",
      "resolved": "https://registry.npmjs.org/@deepseek-ai/dsh-timeout/-/dsh-timeout-0.2.0-rc.1.tgz",
      "integrity": "sha512-SQpvDLIPU0EJP1lbphfuEkLrvnX+CE9u9ym1+L5z/8dYe9BCPbhgjQoRvDnyzKZqFyoXVvZFdqdAADlc6DX7Ig==",
      "dev": true,
      "license": "MIT",
      "peerDependencies": {
        "@deepseek-ai/cordis": "~4.0.4"
      }
    },
    "node_modules/@deepseek-ai/dsh-typert-protocol": {
      "version": "0.2.0-rc.1",
      "resolved": "https://registry.npmjs.org/@deepseek-ai/dsh-typert-protocol/-/dsh-typert-protocol-0.2.0-rc.1.tgz",
      "integrity": "sha512-MhpeimGP6E3MqSESLm32OmPgx5aNUG7yCJCgcIFw7XBWhQmKB9fU3CWuUxxbWZeC7eWkdJ93AG2ww/Qu6QWW9A==",
      "dev": true,
      "license": "MIT",
      "dependencies": {
        "@deepseek-ai/dsh-brand": "0.2.0-rc.1"
      },
      "peerDependencies": {
        "@deepseek-ai/cordis": "~4.0.4"
      }
    },
    "node_modules/@deepseek-ai/dsh-util-crypto": {
      "version": "0.2.0-rc.1",
      "resolved": "https://registry.npmjs.org/@deepseek-ai/dsh-util-crypto/-/dsh-util-crypto-0.2.0-rc.1.tgz",
      "integrity": "sha512-BLBQVRGBlzhNprSpREiMDi1JwX0X8jKdEPWiVRKBnttlG9d33j1pLsaiH9HHLY/D10lXX/NagGia/Zz9mW4FBA==",
      "dev": true,
      "license": "MIT",
      "peerDependencies": {
        "@deepseek-ai/cordis": "~4.0.4"
      }
    },
    "node_modules/@deepseek-ai/dsh-util-values": {
      "version": "0.2.0-rc.1",
      "resolved": "https://registry.npmjs.org/@deepseek-ai/dsh-util-values/-/dsh-util-values-0.2.0-rc.1.tgz",
      "integrity": "sha512-Eh1HH0LFvztBwU2xotdfW5oCwLlWGjK2ygCC5+PnC3tkSDh9gvVQpEf0ezK+Kk6vpLz117V7VPehhR1+gs90+Q==",
      "dev": true,
      "license": "MIT",
      "peerDependencies": {
        "@deepseek-ai/cordis": "~4.0.4"
      }
    },
    "node_modules/@deepseek-ai/schemastery": {
      "version": "3.18.4",
      "resolved": "https://registry.npmjs.org/@deepseek-ai/schemastery/-/schemastery-3.18.4.tgz",
      "integrity": "sha512-SSXO6tYuyrIqKVbmOnIq0s+riUywYzouFMcnBluHF9n4KMo2G8HvEzhCYj6pj2617/glOjbJuVInJ9hfONsjkg==",
      "license": "MIT",
      "dependencies": {
        "@deepseek-ai/cosmokit": "~1.8.5",
        "@standard-schema/spec": "^1.1.0"
      }
    },
    "node_modules/@standard-schema/spec": {
      "version": "1.1.0",
      "resolved": "https://registry.npmjs.org/@standard-schema/spec/-/spec-1.1.0.tgz",
      "integrity": "sha512-l2aFy5jALhniG5HgqrD6jXLi/rUWrKvqN/qJx6yoJsgKhblVd+iqqU4RCXavm/jPityDo5TCvKMnpjKnOriy0w==",
      "license": "MIT"
    },
    "node_modules/zod": {
      "version": "4.6.5",
      "resolved": "https://registry.npmjs.org/zod/-/zod-4.6.5.tgz",
      "integrity": "sha512-v5l/aFXZQeai4awLbOpSoHecE9UiMrnfx75tEXLjNonXVARxQ5mOeipTjROUchszUNCqnE+hqAMujRsRHsut2Q==",
      "dev": true,
      "license": "MIT",
      "funding": {
        "url": "https://github.com/sponsors/colinhacks"
      }
    }
  }
}
